// !$*UTF8*$!
{
	archiveVersion = 1;
	classes = {
	};
	objectVersion = 50;
	objects = {

/* Begin PBXBuildFile section */
		2579CA26240EBF58004BB626 /* Constants.swift in Sources */ = {isa = PBXBuildFile; fileRef = 2579CA25240EBF58004BB626 /* Constants.swift */; };
		2579CA28240EC429004BB626 /* Movie.swift in Sources */ = {isa = PBXBuildFile; fileRef = 2579CA27240EC429004BB626 /* Movie.swift */; };
		2579CA2B240EC867004BB626 /* MoviesData.swift in Sources */ = {isa = PBXBuildFile; fileRef = 2579CA2A240EC867004BB626 /* MoviesData.swift */; };
		2579CA32240ED191004BB626 /* MovieCell.swift in Sources */ = {isa = PBXBuildFile; fileRef = 2579CA31240ED191004BB626 /* MovieCell.swift */; };
		2579CA34240ED2E6004BB626 /* ViewController+Extension.swift in Sources */ = {isa = PBXBuildFile; fileRef = 2579CA33240ED2E6004BB626 /* ViewController+Extension.swift */; };
		2579CA36240EED39004BB626 /* Reachability.swift in Sources */ = {isa = PBXBuildFile; fileRef = 2579CA35240EED39004BB626 /* Reachability.swift */; };
		25972500240F891400375859 /* OfflineData.swift in Sources */ = {isa = PBXBuildFile; fileRef = 259724FF240F891400375859 /* OfflineData.swift */; };
		25EBB8F1240EB0380001A763 /* AppDelegate.swift in Sources */ = {isa = PBXBuildFile; fileRef = 25EBB8F0240EB0380001A763 /* AppDelegate.swift */; };
		25EBB8F3240EB0380001A763 /* SceneDelegate.swift in Sources */ = {isa = PBXBuildFile; fileRef = 25EBB8F2240EB0380001A763 /* SceneDelegate.swift */; };
		25EBB8F5240EB0380001A763 /* ViewController.swift in Sources */ = {isa = PBXBuildFile; fileRef = 25EBB8F4240EB0380001A763 /* ViewController.swift */; };
		25EBB8F8240EB0380001A763 /* Main.storyboard in Resources */ = {isa = PBXBuildFile; fileRef = 25EBB8F6240EB0380001A763 /* Main.storyboard */; };
		25EBB8FB240EB0380001A763 /* Movie_App.xcdatamodeld in Sources */ = {isa = PBXBuildFile; fileRef = 25EBB8F9240EB0380001A763 /* Movie_App.xcdatamodeld */; };
		25EBB8FD240EB03E0001A763 /* Assets.xcassets in Resources */ = {isa = PBXBuildFile; fileRef = 25EBB8FC240EB03E0001A763 /* Assets.xcassets */; };
		25EBB900240EB03E0001A763 /* LaunchScreen.storyboard in Resources */ = {isa = PBXBuildFile; fileRef = 25EBB8FE240EB03E0001A763 /* LaunchScreen.storyboard */; };
		25EFDA07240F729100AEA683 /* DetailsViewController.swift in Sources */ = {isa = PBXBuildFile; fileRef = 25EFDA06240F729100AEA683 /* DetailsViewController.swift */; };
/* End PBXBuildFile section */

/* Begin PBXFileReference section */
		2579CA25240EBF58004BB626 /* Constants.swift */ = {isa = PBXFileReference; lastKnownFileType = sourcecode.swift; path = Constants.swift; sourceTree = "<group>"; };
		2579CA27240EC429004BB626 /* Movie.swift */ = {isa = PBXFileReference; lastKnownFileType = sourcecode.swift; path = Movie.swift; sourceTree = "<group>"; };
		2579CA2A240EC867004BB626 /* MoviesData.swift */ = {isa = PBXFileReference; lastKnownFileType = sourcecode.swift; path = MoviesData.swift; sourceTree = "<group>"; };
		2579CA31240ED191004BB626 /* MovieCell.swift */ = {isa = PBXFileReference; lastKnownFileType = sourcecode.swift; path = MovieCell.swift; sourceTree = "<group>"; };
		2579CA33240ED2E6004BB626 /* ViewController+Extension.swift */ = {isa = PBXFileReference; lastKnownFileType = sourcecode.swift; path = "ViewController+Extension.swift"; sourceTree = "<group>"; };
		2579CA35240EED39004BB626 /* Reachability.swift */ = {isa = PBXFileReference; lastKnownFileType = sourcecode.swift; path = Reachability.swift; sourceTree = "<group>"; };
		259724FF240F891400375859 /* OfflineData.swift */ = {isa = PBXFileReference; lastKnownFileType = sourcecode.swift; path = OfflineData.swift; sourceTree = "<group>"; };
		25EBB8ED240EB0380001A763 /* Movie App.app */ = {isa = PBXFileReference; explicitFileType = wrapper.application; includeInIndex = 0; path = "Movie App.app"; sourceTree = BUILT_PRODUCTS_DIR; };
		25EBB8F0240EB0380001A763 /* AppDelegate.swift */ = {isa = PBXFileReference; lastKnownFileType = sourcecode.swift; path = AppDelegate.swift; sourceTree = "<group>"; };
		25EBB8F2240EB0380001A763 /* SceneDelegate.swift */ = {isa = PBXFileReference; lastKnownFileType = sourcecode.swift; path = SceneDelegate.swift; sourceTree = "<group>"; };
		25EBB8F4240EB0380001A763 /* ViewController.swift */ = {isa = PBXFileReference; lastKnownFileType = sourcecode.swift; path = ViewController.swift; sourceTree = "<group>"; };
		25EBB8F7240EB0380001A763 /* Base */ = {isa = PBXFileReference; lastKnownFileType = file.storyboard; name = Base; path = Base.lproj/Main.storyboard; sourceTree = "<group>"; };
		25EBB8FA240EB0380001A763 /* Movie_App.xcdatamodel */ = {isa = PBXFileReference; lastKnownFileType = wrapper.xcdatamodel; path = Movie_App.xcdatamodel; sourceTree = "<group>"; };
		25EBB8FC240EB03E0001A763 /* Assets.xcassets */ = {isa = PBXFileReference; lastKnownFileType = folder.assetcatalog; path = Assets.xcassets; sourceTree = "<group>"; };
		25EBB8FF240EB03E0001A763 /* Base */ = {isa = PBXFileReference; lastKnownFileType = file.storyboard; name = Base; path = Base.lproj/LaunchScreen.storyboard; sourceTree = "<group>"; };
		25EBB901240EB03E0001A763 /* Info.plist */ = {isa = PBXFileReference; lastKnownFileType = text.plist.xml; path = Info.plist; sourceTree = "<group>"; };
		25EFDA06240F729100AEA683 /* DetailsViewController.swift */ = {isa = PBXFileReference; lastKnownFileType = sourcecode.swift; path = DetailsViewController.swift; sourceTree = "<group>"; };
/* End PBXFileReference section */

/* Begin PBXFrameworksBuildPhase section */
		25EBB8EA240EB0380001A763 /* Frameworks */ = {
			isa = PBXFrameworksBuildPhase;
			buildActionMask = 2147483647;
			files = (
			);
			runOnlyForDeploymentPostprocessing = 0;
		};
/* End PBXFrameworksBuildPhase section */

/* Begin PBXGroup section */
		2579CA29240EC7FC004BB626 /* Models */ = {
			isa = PBXGroup;
			children = (
				2579CA27240EC429004BB626 /* Movie.swift */,
			);
			path = Models;
			sourceTree = "<group>";
		};
		2579CA2C240ECBCA004BB626 /* Helper */ = {
			isa = PBXGroup;
			children = (
				2579CA25240EBF58004BB626 /* Constants.swift */,
				2579CA35240EED39004BB626 /* Reachability.swift */,
			);
			path = Helper;
			sourceTree = "<group>";
		};
		2579CA2D240ECBD6004BB626 /* Data */ = {
			isa = PBXGroup;
			children = (
				2579CA2A240EC867004BB626 /* MoviesData.swift */,
				259724FF240F891400375859 /* OfflineData.swift */,
			);
			path = Data;
			sourceTree = "<group>";
		};
		2579CA2E240ECBE4004BB626 /* Controllers */ = {
			isa = PBXGroup;
			children = (
				25EBB8F4240EB0380001A763 /* ViewController.swift */,
				2579CA33240ED2E6004BB626 /* ViewController+Extension.swift */,
				2579CA31240ED191004BB626 /* MovieCell.swift */,
				25EFDA06240F729100AEA683 /* DetailsViewController.swift */,
			);
			path = Controllers;
			sourceTree = "<group>";
		};
		25EBB8E4240EB0370001A763 = {
			isa = PBXGroup;
			children = (
				25EBB8EF240EB0380001A763 /* Movie App */,
				25EBB8EE240EB0380001A763 /* Products */,
			);
			sourceTree = "<group>";
		};
		25EBB8EE240EB0380001A763 /* Products */ = {
			isa = PBXGroup;
			children = (
				25EBB8ED240EB0380001A763 /* Movie App.app */,
			);
			name = Products;
			sourceTree = "<group>";
		};
		25EBB8EF240EB0380001A763 /* Movie App */ = {
			isa = PBXGroup;
			children = (
				25EBB8F0240EB0380001A763 /* AppDelegate.swift */,
				25EBB8F2240EB0380001A763 /* SceneDelegate.swift */,
				2579CA2C240ECBCA004BB626 /* Helper */,
				2579CA2D240ECBD6004BB626 /* Data */,
				2579CA29240EC7FC004BB626 /* Models */,
				2579CA2E240ECBE4004BB626 /* Controllers */,
				25EBB8F6240EB0380001A763 /* Main.storyboard */,
				25EBB8FC240EB03E0001A763 /* Assets.xcassets */,
				25EBB8FE240EB03E0001A763 /* LaunchScreen.storyboard */,
				25EBB901240EB03E0001A763 /* Info.plist */,
				25EBB8F9240EB0380001A763 /* Movie_App.xcdatamodeld */,
			);
			path = "Movie App";
			sourceTree = "<group>";
		};
/* End PBXGroup section */

/* Begin PBXNativeTarget section */
		25EBB8EC240EB0380001A763 /* Movie App */ = {
			isa = PBXNativeTarget;
			buildConfigurationList = 25EBB904240EB03E0001A763 /* Build configuration list for PBXNativeTarget "Movie App" */;
			buildPhases = (
				25EBB8E9240EB0380001A763 /* Sources */,
				25EBB8EA240EB0380001A763 /* Frameworks */,
				25EBB8EB240EB0380001A763 /* Resources */,
			);
			buildRules = (
			);
			dependencies = (
			);
			name = "Movie App";
			productName = "Movie App";
			productReference = 25EBB8ED240EB0380001A763 /* Movie App.app */;
			productType = "com.apple.product-type.application";
		};
/* End PBXNativeTarget section */

/* Begin PBXProject section */
		25EBB8E5240EB0370001A763 /* Project object */ = {
			isa = PBXProject;
			attributes = {
				LastSwiftUpdateCheck = 1130;
				LastUpgradeCheck = 1130;
				ORGANIZATIONNAME = sravan;
				TargetAttributes = {
					25EBB8EC240EB0380001A763 = {
						CreatedOnToolsVersion = 11.3.1;
					};
				};
			};
			buildConfigurationList = 25EBB8E8240EB0370001A763 /* Build configuration list for PBXProject "Movie App" */;
			compatibilityVersion = "Xcode 9.3";
			developmentRegion = en;
			hasScannedForEncodings = 0;
			knownRegions = (
				en,
				Base,
			);
			mainGroup = 25EBB8E4240EB0370001A763;
			productRefGroup = 25EBB8EE240EB0380001A763 /* Products */;
			projectDirPath = "";
			projectRoot = "";
			targets = (
				25EBB8EC240EB0380001A763 /* Movie App */,
			);
		};
/* End PBXProject section */

/* Begin PBXResourcesBuildPhase section */
		25EBB8EB240EB0380001A763 /* Resources */ = {
			isa = PBXResourcesBuildPhase;
			buildActionMask = 2147483647;
			files = (
				25EBB900240EB03E0001A763 /* LaunchScreen.storyboard in Resources */,
				25EBB8FD240EB03E0001A763 /* Assets.xcassets in Resources */,
				25EBB8F8240EB0380001A763 /* Main.storyboard in Resources */,
			);
			runOnlyForDeploymentPostprocessing = 0;
		};
/* End PBXResourcesBuildPhase section */

/* Begin PBXSourcesBuildPhase section */
		25EBB8E9240EB0380001A763 /* Sources */ = {
			isa = PBXSourcesBuildPhase;
			buildActionMask = 2147483647;
			files = (
				2579CA26240EBF58004BB626 /* Constants.swift in Sources */,
				25EBB8F5240EB0380001A763 /* ViewController.swift in Sources */,
				2579CA32240ED191004BB626 /* MovieCell.swift in Sources */,
				25EFDA07240F729100AEA683 /* DetailsViewController.swift in Sources */,
				2579CA28240EC429004BB626 /* Movie.swift in Sources */,
				2579CA2B240EC867004BB626 /* MoviesData.swift in Sources */,
				2579CA36240EED39004BB626 /* Reachability.swift in Sources */,
				2579CA34240ED2E6004BB626 /* ViewController+Extension.swift in Sources */,
				25EBB8F1240EB0380001A763 /* AppDelegate.swift in Sources */,
				25972500240F891400375859 /* OfflineData.swift in Sources */,
				25EBB8FB240EB0380001A763 /* Movie_App.xcdatamodeld in Sources */,
				25EBB8F3240EB0380001A763 /* SceneDelegate.swift in Sources */,
			);
			runOnlyForDeploymentPostprocessing = 0;
		};
/* End PBXSourcesBuildPhase section */

/* Begin PBXVariantGroup section */
		25EBB8F6240EB0380001A763 /* Main.storyboard */ = {
			isa = PBXVariantGroup;
			children = (
				25EBB8F7240EB0380001A763 /* Base */,
			);
			name = Main.storyboard;
			sourceTree = "<group>";
		};
		25EBB8FE240EB03E0001A763 /* LaunchScreen.storyboard */ = {
			isa = PBXVariantGroup;
			children = (
				25EBB8FF240EB03E0001A763 /* Base */,
			);
			name = LaunchScreen.storyboard;
			sourceTree = "<group>";
		};
/* End PBXVariantGroup section */

/* Begin XCBuildConfiguration section */
		25EBB902240EB03E0001A763 /* Debug */ = {
			isa = XCBuildConfiguration;
			buildSettings = {
				ALWAYS_SEARCH_USER_PATHS = NO;
				CLANG_ANALYZER_NONNULL = YES;
				CLANG_ANALYZER_NUMBER_OBJECT_CONVERSION = YES_AGGRESSIVE;
				CLANG_CXX_LANGUAGE_STANDARD = "gnu++14";
				CLANG_CXX_LIBRARY = "libc++";
				CLANG_ENABLE_MODULES = YES;
				CLANG_ENABLE_OBJC_ARC = YES;
				CLANG_ENABLE_OBJC_WEAK = YES;
				CLANG_WARN_BLOCK_CAPTURE_AUTORELEASING = YES;
				CLANG_WARN_BOOL_CONVERSION = YES;
				CLANG_WARN_COMMA = YES;
				CLANG_WARN_CONSTANT_CONVERSION = YES;
				CLANG_WARN_DEPRECATED_OBJC_IMPLEMENTATIONS = YES;
				CLANG_WARN_DIRECT_OBJC_ISA_USAGE = YES_ERROR;
				CLANG_WARN_DOCUMENTATION_COMMENTS = YES;
				CLANG_WARN_EMPTY_BODY = YES;
				CLANG_WARN_ENUM_CONVERSION = YES;
				CLANG_WARN_INFINITE_RECURSION = YES;
				CLANG_WARN_INT_CONVERSION = YES;
				CLANG_WARN_NON_LITERAL_NULL_CONVERSION = YES;
				CLANG_WARN_OBJC_IMPLICIT_RETAIN_SELF = YES;
				CLANG_WARN_OBJC_LITERAL_CONVERSION = YES;
				CLANG_WARN_OBJC_ROOT_CLASS = YES_ERROR;
				CLANG_WARN_RANGE_LOOP_ANALYSIS = YES;
				CLANG_WARN_STRICT_PROTOTYPES = YES;
				CLANG_WARN_SUSPICIOUS_MOVE = YES;
				CLANG_WARN_UNGUARDED_AVAILABILITY = YES_AGGRESSIVE;
				CLANG_WARN_UNREACHABLE_CODE = YES;
				CLANG_WARN__DUPLICATE_METHOD_MATCH = YES;
				COPY_PHASE_STRIP = NO;
				DEBUG_INFORMATION_FORMAT = dwarf;
				ENABLE_STRICT_OBJC_MSGSEND = YES;
				ENABLE_TESTABILITY = YES;
				GCC_C_LANGUAGE_STANDARD = gnu11;
				GCC_DYNAMIC_NO_PIC = NO;
				GCC_NO_COMMON_BLOCKS = YES;
				GCC_OPTIMIZATION_LEVEL = 0;
				GCC_PREPROCESSOR_DEFINITIONS = (
					"DEBUG=1",
					"$(inherited)",
				);
				GCC_WARN_64_TO_32_BIT_CONVERSION = YES;
				GCC_WARN_ABOUT_RETURN_TYPE = YES_ERROR;
				GCC_WARN_UNDECLARED_SELECTOR = YES;
				GCC_WARN_UNINITIALIZED_AUTOS = YES_AGGRESSIVE;
				GCC_WARN_UNUSED_FUNCTION = YES;
				GCC_WARN_UNUSED_VARIABLE = YES;
				IPHONEOS_DEPLOYMENT_TARGET = 13.2;
				MTL_ENABLE_DEBUG_INFO = INCLUDE_SOURCE;
				MTL_FAST_MATH = YES;
				ONLY_ACTIVE_ARCH = YES;
				SDKROOT = iphoneos;
				SWIFT_ACTIVE_COMPILATION_CONDITIONS = DEBUG;
				SWIFT_OPTIMIZATION_LEVEL = "-Onone";
			};
			name = Debug;
		};
		25EBB903240EB03E0001A763 /* Release */ = {
			isa = XCBuildConfiguration;
			buildSettings = {
				ALWAYS_SEARCH_USER_PATHS = NO;
				CLANG_ANALYZER_NONNULL = YES;
				CLANG_ANALYZER_NUMBER_OBJECT_CONVERSION = YES_AGGRESSIVE;
				CLANG_CXX_LANGUAGE_STANDARD = "gnu++14";
				CLANG_CXX_LIBRARY = "libc++";
				CLANG_ENABLE_MODULES = YES;
				CLANG_ENABLE_OBJC_ARC = YES;
				CLANG_ENABLE_OBJC_WEAK = YES;
				CLANG_WARN_BLOCK_CAPTURE_AUTORELEASING = YES;
				CLANG_WARN_BOOL_CONVERSION = YES;
				CLANG_WARN_COMMA = YES;
				CLANG_WARN_CONSTANT_CONVERSION = YES;
				CLANG_WARN_DEPRECATED_OBJC_IMPLEMENTATIONS = YES;
				CLANG_WARN_DIRECT_OBJC_ISA_USAGE = YES_ERROR;
				CLANG_WARN_DOCUMENTATION_COMMENTS = YES;
				CLANG_WARN_EMPTY_BODY = YES;
				CLANG_WARN_ENUM_CONVERSION = YES;
				CLANG_WARN_INFINITE_RECURSION = YES;
				CLANG_WARN_INT_CONVERSION = YES;
				CLANG_WARN_NON_LITERAL_NULL_CONVERSION = YES;
				CLANG_WARN_OBJC_IMPLICIT_RETAIN_SELF = YES;
				CLANG_WARN_OBJC_LITERAL_CONVERSION = YES;
				CLANG_WARN_OBJC_ROOT_CLASS = YES_ERROR;
				CLANG_WARN_RANGE_LOOP_ANALYSIS = YES;
				CLANG_WARN_STRICT_PROTOTYPES = YES;
				CLANG_WARN_SUSPICIOUS_MOVE = YES;
				CLANG_WARN_UNGUARDED_AVAILABILITY = YES_AGGRESSIVE;
				CLANG_WARN_UNREACHABLE_CODE = YES;
				CLANG_WARN__DUPLICATE_METHOD_MATCH = YES;
				COPY_PHASE_STRIP = NO;
				DEBUG_INFORMATION_FORMAT = "dwarf-with-dsym";
				ENABLE_NS_ASSERTIONS = NO;
				ENABLE_STRICT_OBJC_MSGSEND = YES;
				GCC_C_LANGUAGE_STANDARD = gnu11;
				GCC_NO_COMMON_BLOCKS = YES;
				GCC_WARN_64_TO_32_BIT_CONVERSION = YES;
				GCC_WARN_ABOUT_RETURN_TYPE = YES_ERROR;
				GCC_WARN_UNDECLARED_SELECTOR = YES;
				GCC_WARN_UNINITIALIZED_AUTOS = YES_AGGRESSIVE;
				GCC_WARN_UNUSED_FUNCTION = YES;
				GCC_WARN_UNUSED_VARIABLE = YES;
				IPHONEOS_DEPLOYMENT_TARGET = 13.2;
				MTL_ENABLE_DEBUG_INFO = NO;
				MTL_FAST_MATH = YES;
				SDKROOT = iphoneos;
				SWIFT_COMPILATION_MODE = wholemodule;
				SWIFT_OPTIMIZATION_LEVEL = "-O";
				VALIDATE_PRODUCT = YES;
			};
			name = Release;
		};
		25EBB905240EB03E0001A763 /* Debug */ = {
			isa = XCBuildConfiguration;
			buildSettings = {
				ASSETCATALOG_COMPILER_APPICON_NAME = AppIcon;
				CODE_SIGN_STYLE = Automatic;
				DEVELOPMENT_TEAM = Q3HYG228AE;
				INFOPLIST_FILE = "Movie App/Info.plist";
				LD_RUNPATH_SEARCH_PATHS = (
					"$(inherited)",
					"@executable_path/Frameworks",
				);
				PRODUCT_BUNDLE_IDENTIFIER = com.sravan.movie;
				PRODUCT_NAME = "$(TARGET_NAME)";
				SWIFT_VERSION = 5.0;
				TARGETED_DEVICE_FAMILY = "1,2";
			};
			name = Debug;
		};
		25EBB906240EB03E0001A763 /* Release */ = {
			isa = XCBuildConfiguration;
			buildSettings = {
				ASSETCATALOG_COMPILER_APPICON_NAME = AppIcon;
				CODE_SIGN_STYLE = Automatic;
				DEVELOPMENT_TEAM = Q3HYG228AE;
				INFOPLIST_FILE = "Movie App/Info.plist";
				LD_RUNPATH_SEARCH_PATHS = (
					"$(inherited)",
					"@executable_path/Frameworks",
				);
				PRODUCT_BUNDLE_IDENTIFIER = com.sravan.movie;
				PRODUCT_NAME = "$(TARGET_NAME)";
				SWIFT_VERSION = 5.0;
				TARGETED_DEVICE_FAMILY = "1,2";
			};
			name = Release;
		};
/* End XCBuildConfiguration section */

/* Begin XCConfigurationList section */
		25EBB8E8240EB0370001A763 /* Build configuration list for PBXProject "Movie App" */ = {
			isa = XCConfigurationList;
			buildConfigurations = (
				25EBB902240EB03E0001A763 /* Debug */,
				25EBB903240EB03E0001A763 /* Release */,
			);
			defaultConfigurationIsVisible = 0;
			defaultConfigurationName = Release;
		};
		25EBB904240EB03E0001A763 /* Build configuration list for PBXNativeTarget "Movie App" */ = {
			isa = XCConfigurationList;
			buildConfigurations = (
				25EBB905240EB03E0001A763 /* Debug */,
				25EBB906240EB03E0001A763 /* Release */,
			);
			defaultConfigurationIsVisible = 0;
			defaultConfigurationName = Release;
		};
/* End XCConfigurationList section */

/* Begin XCVersionGroup section */
		25EBB8F9240EB0380001A763 /* Movie_App.xcdatamodeld */ = {
			isa = XCVersionGroup;
			children = (
				25EBB8FA240EB0380001A763 /* Movie_App.xcdatamodel */,
			);
			currentVersion = 25EBB8FA240EB0380001A763 /* Movie_App.xcdatamodel */;
			path = Movie_App.xcdatamodeld;
			sourceTree = "<group>";
			versionGroupType = wrapper.xcdatamodel;
		};
/* End XCVersionGroup section */
	};
	rootObject = 25EBB8E5240EB0370001A763 /* Project object */;
}
